
Microsoft Visual Studio Solution File, Format Version 12.00
# Visual Studio 15
VisualStudioVersion = 15.0.28307.329
MinimumVisualStudioVersion = 10.0.40219.1
Project("{FAE04EC0-301F-11D3-BF4B-00C04F79EFBC}") = "Blocky", "Blocky\Blocky.csproj", "{58177196-2CEF-406A-B84C-982473BF59AF}"
EndProject
Global
	GlobalSection(SolutionConfigurationPlatforms) = preSolution
		Debug|x86 = Debug|x86
		Release|x86 = Release|x86
	EndGlobalSection
	GlobalSection(ProjectConfigurationPlatforms) = postSolution
		{58177196-2CEF-406A-B84C-982473BF59AF}.Debug|x86.ActiveCfg = Debug|x86
		{58177196-2CEF-406A-B84C-982473BF59AF}.Debug|x86.Build.0 = Debug|x86
		{58177196-2CEF-406A-B84C-982473BF59AF}.Release|x86.ActiveCfg = Release|x86
		{58177196-2CEF-406A-B84C-982473BF59AF}.Release|x86.Build.0 = Release|x86
	EndGlobalSection
	GlobalSection(SolutionProperties) = preSolution
		HideSolutionNode = FALSE
	EndGlobalSection
	GlobalSection(ExtensibilityGlobals) = postSolution
		SolutionGuid = {FD08150A-665A-4964-9D17-8EDCD5854B7C}
	EndGlobalSection
EndGlobal
